
Microsoft Visual Studio Solution File, Format Version 9.00
# Visual Studio 2005
Project("{FAE04EC0-301F-11D3-BF4B-00C04F79EFBC}") = "ext", "ext.csproj", "{8B1583F2-3F51-49A4-8830-6C59C7F8C294}"
EndProject
Project("{FAE04EC0-301F-11D3-BF4B-00C04F79EFBC}") = "web", "..\web\web.csproj", "{B1DF1C7C-8816-4E61-A76D-7416A8C6EB37}"
EndProject
Global
	GlobalSection(SolutionConfigurationPlatforms) = preSolution
		Debug|Any CPU = Debug|Any CPU
		Release|Any CPU = Release|Any CPU
	EndGlobalSection
	GlobalSection(ProjectConfigurationPlatforms) = postSolution
		{8B1583F2-3F51-49A4-8830-6C59C7F8C294}.Debug|Any CPU.ActiveCfg = Debug|Any CPU
		{8B1583F2-3F51-49A4-8830-6C59C7F8C294}.Debug|Any CPU.Build.0 = Debug|Any CPU
		{8B1583F2-3F51-49A4-8830-6C59C7F8C294}.Release|Any CPU.ActiveCfg = Release|Any CPU
		{8B1583F2-3F51-49A4-8830-6C59C7F8C294}.Release|Any CPU.Build.0 = Release|Any CPU
		{B1DF1C7C-8816-4E61-A76D-7416A8C6EB37}.Debug|Any CPU.ActiveCfg = Debug|Any CPU
		{B1DF1C7C-8816-4E61-A76D-7416A8C6EB37}.Debug|Any CPU.Build.0 = Debug|Any CPU
		{B1DF1C7C-8816-4E61-A76D-7416A8C6EB37}.Release|Any CPU.ActiveCfg = Release|Any CPU
		{B1DF1C7C-8816-4E61-A76D-7416A8C6EB37}.Release|Any CPU.Build.0 = Release|Any CPU
	EndGlobalSection
	GlobalSection(SolutionProperties) = preSolution
		HideSolutionNode = FALSE
	EndGlobalSection
EndGlobal
